
Microsoft Visual Studio Solution File, Format Version 12.00
# Visual Studio 15
VisualStudioVersion = 15.0.27004.2010
MinimumVisualStudioVersion = 10.0.40219.1
Project("{FAE04EC0-301F-11D3-BF4B-00C04F79EFBC}") = "ITodoRepository", "ITodoRepository.csproj", "{927389A2-8227-40E5-A8AC-192ECC4CCF4B}"
EndProject
Global
	GlobalSection(SolutionConfigurationPlatforms) = preSolution
		Debug|Any CPU = Debug|Any CPU
		Release|Any CPU = Release|Any CPU
	EndGlobalSection
	GlobalSection(ProjectConfigurationPlatforms) = postSolution
		{927389A2-8227-40E5-A8AC-192ECC4CCF4B}.Debug|Any CPU.ActiveCfg = Debug|Any CPU
		{927389A2-8227-40E5-A8AC-192ECC4CCF4B}.Debug|Any CPU.Build.0 = Debug|Any CPU
		{927389A2-8227-40E5-A8AC-192ECC4CCF4B}.Release|Any CPU.ActiveCfg = Release|Any CPU
		{927389A2-8227-40E5-A8AC-192ECC4CCF4B}.Release|Any CPU.Build.0 = Release|Any CPU
	EndGlobalSection
	GlobalSection(SolutionProperties) = preSolution
		HideSolutionNode = FALSE
	EndGlobalSection
	GlobalSection(ExtensibilityGlobals) = postSolution
		SolutionGuid = {EFD3C2F6-6EE1-4E10-A780-788483AF3B31}
	EndGlobalSection
EndGlobal
